
Microsoft Visual Studio Solution File, Format Version 12.00
# Visual Studio Version 17
VisualStudioVersion = 17.11.35312.102
MinimumVisualStudioVersion = 10.0.40219.1
Project("{FAE04EC0-301F-11D3-BF4B-00C04F79EFBC}") = "Super Mario PeditX 4", "Super Mario PeditX 4\Super Mario PeditX 4.csproj", "{F3CCA8C3-E74C-4E87-8C33-FD5B2C6E70BA}"
EndProject
Global
	GlobalSection(SolutionConfigurationPlatforms) = preSolution
		Debug|Any CPU = Debug|Any CPU
		Release|Any CPU = Release|Any CPU
	EndGlobalSection
	GlobalSection(ProjectConfigurationPlatforms) = postSolution
		{F3CCA8C3-E74C-4E87-8C33-FD5B2C6E70BA}.Debug|Any CPU.ActiveCfg = Debug|Any CPU
		{F3CCA8C3-E74C-4E87-8C33-FD5B2C6E70BA}.Debug|Any CPU.Build.0 = Debug|Any CPU
		{F3CCA8C3-E74C-4E87-8C33-FD5B2C6E70BA}.Release|Any CPU.ActiveCfg = Release|Any CPU
		{F3CCA8C3-E74C-4E87-8C33-FD5B2C6E70BA}.Release|Any CPU.Build.0 = Release|Any CPU
	EndGlobalSection
	GlobalSection(SolutionProperties) = preSolution
		HideSolutionNode = FALSE
	EndGlobalSection
	GlobalSection(ExtensibilityGlobals) = postSolution
		SolutionGuid = {94B18104-500C-4F99-96D9-5B60455B187F}
	EndGlobalSection
EndGlobal
